
Microsoft Visual Studio Solution File, Format Version 12.00
# Visual Studio 2013
VisualStudioVersion = 12.0.40629.0
MinimumVisualStudioVersion = 10.0.40219.1
Project("{FAE04EC0-301F-11D3-BF4B-00C04F79EFBC}") = "WebApplication1", "WebApplication1\WebApplication1.csproj", "{1CF5DAA9-99D3-4266-AA32-58F5E0B678AC}"
EndProject
Project("{FAE04EC0-301F-11D3-BF4B-00C04F79EFBC}") = "WebApplication1.Tests", "WebApplication1.Tests\WebApplication1.Tests.csproj", "{802E9D20-C01B-453D-B57E-8F485D011A61}"
EndProject
Project("{FAE04EC0-301F-11D3-BF4B-00C04F79EFBC}") = "Infrastructure", "Infrastructure\Infrastructure.csproj", "{F1593405-2690-4B33-A835-B83FC1884D6D}"
EndProject
Global
	GlobalSection(TeamFoundationVersionControl) = preSolution
		SccNumberOfProjects = 4
		SccEnterpriseProvider = {E56E3660-6FAB-4906-997F-F7DBBE809D88}
		SccTeamFoundationServer = https://tfs
		SccLocalPath0 = .
		SccProjectUniqueName1 = WebApplication1.Tests\\WebApplication1.Tests.csproj
		SccProjectName1 = WebApplication1.Tests
		SccLocalPath1 = WebApplication1.Tests
		SccProjectUniqueName2 = WebApplication1\\WebApplication1.csproj
		SccProjectName2 = WebApplication1
		SccLocalPath2 = WebApplication1
		SccProjectUniqueName3 = Infrastructure\\Infrastructure.csproj
		SccProjectName3 = Infrastructure
		SccLocalPath3 = Infrastructure
	EndGlobalSection
	GlobalSection(SolutionConfigurationPlatforms) = preSolution
		Debug|Any CPU = Debug|Any CPU
		Release|Any CPU = Release|Any CPU
	EndGlobalSection
	GlobalSection(ProjectConfigurationPlatforms) = postSolution
		{1CF5DAA9-99D3-4266-AA32-58F5E0B678AC}.Debug|Any CPU.ActiveCfg = Debug|Any CPU
		{1CF5DAA9-99D3-4266-AA32-58F5E0B678AC}.Debug|Any CPU.Build.0 = Debug|Any CPU
		{1CF5DAA9-99D3-4266-AA32-58F5E0B678AC}.Release|Any CPU.ActiveCfg = Release|Any CPU
		{1CF5DAA9-99D3-4266-AA32-58F5E0B678AC}.Release|Any CPU.Build.0 = Release|Any CPU
		{802E9D20-C01B-453D-B57E-8F485D011A61}.Debug|Any CPU.ActiveCfg = Debug|Any CPU
		{802E9D20-C01B-453D-B57E-8F485D011A61}.Debug|Any CPU.Build.0 = Debug|Any CPU
		{802E9D20-C01B-453D-B57E-8F485D011A61}.Release|Any CPU.ActiveCfg = Release|Any CPU
		{802E9D20-C01B-453D-B57E-8F485D011A61}.Release|Any CPU.Build.0 = Release|Any CPU
		{F1593405-2690-4B33-A835-B83FC1884D6D}.Debug|Any CPU.ActiveCfg = Debug|Any CPU
		{F1593405-2690-4B33-A835-B83FC1884D6D}.Debug|Any CPU.Build.0 = Debug|Any CPU
		{F1593405-2690-4B33-A835-B83FC1884D6D}.Release|Any CPU.ActiveCfg = Release|Any CPU
		{F1593405-2690-4B33-A835-B83FC1884D6D}.Release|Any CPU.Build.0 = Release|Any CPU
	EndGlobalSection
	GlobalSection(SolutionProperties) = preSolution
		HideSolutionNode = FALSE
	EndGlobalSection
EndGlobal
